// !$*UTF8*$!
{
	archiveVersion = 1;
	classes = {
	};
	objectVersion = 46;
	objects = {

/* Begin PBXBuildFile section */
		171330281DB7703A00CBCBC4 /* MTPopUp.swift in Sources */ = {isa = PBXBuildFile; fileRef = 171330271DB7703A00CBCBC4 /* MTPopUp.swift */; };
		173B50FF1D13D220003292DD /* AppDelegate.swift in Sources */ = {isa = PBXBuildFile; fileRef = 173B50FE1D13D220003292DD /* AppDelegate.swift */; };
		173B51011D13D220003292DD /* ViewController.swift in Sources */ = {isa = PBXBuildFile; fileRef = 173B51001D13D220003292DD /* ViewController.swift */; };
		173B51041D13D220003292DD /* Main.storyboard in Resources */ = {isa = PBXBuildFile; fileRef = 173B51021D13D220003292DD /* Main.storyboard */; };
		173B51061D13D220003292DD /* Assets.xcassets in Resources */ = {isa = PBXBuildFile; fileRef = 173B51051D13D220003292DD /* Assets.xcassets */; };
		173B51091D13D220003292DD /* LaunchScreen.storyboard in Resources */ = {isa = PBXBuildFile; fileRef = 173B51071D13D220003292DD /* LaunchScreen.storyboard */; };
/* End PBXBuildFile section */

/* Begin PBXFileReference section */
		171330271DB7703A00CBCBC4 /* MTPopUp.swift */ = {isa = PBXFileReference; fileEncoding = 4; lastKnownFileType = sourcecode.swift; path = MTPopUp.swift; sourceTree = "<group>"; };
		173B50FB1D13D220003292DD /* PopUpExample.app */ = {isa = PBXFileReference; explicitFileType = wrapper.application; includeInIndex = 0; path = PopUpExample.app; sourceTree = BUILT_PRODUCTS_DIR; };
		173B50FE1D13D220003292DD /* AppDelegate.swift */ = {isa = PBXFileReference; lastKnownFileType = sourcecode.swift; path = AppDelegate.swift; sourceTree = "<group>"; };
		173B51001D13D220003292DD /* ViewController.swift */ = {isa = PBXFileReference; lastKnownFileType = sourcecode.swift; path = ViewController.swift; sourceTree = "<group>"; };
		173B51031D13D220003292DD /* Base */ = {isa = PBXFileReference; lastKnownFileType = file.storyboard; name = Base; path = Base.lproj/Main.storyboard; sourceTree = "<group>"; };
		173B51051D13D220003292DD /* Assets.xcassets */ = {isa = PBXFileReference; lastKnownFileType = folder.assetcatalog; path = Assets.xcassets; sourceTree = "<group>"; };
		173B51081D13D220003292DD /* Base */ = {isa = PBXFileReference; lastKnownFileType = file.storyboard; name = Base; path = Base.lproj/LaunchScreen.storyboard; sourceTree = "<group>"; };
		173B510A1D13D220003292DD /* Info.plist */ = {isa = PBXFileReference; lastKnownFileType = text.plist.xml; path = Info.plist; sourceTree = "<group>"; };
/* End PBXFileReference section */

/* Begin PBXFrameworksBuildPhase section */
		173B50F81D13D220003292DD /* Frameworks */ = {
			isa = PBXFrameworksBuildPhase;
			buildActionMask = 2147483647;
			files = (
			);
			runOnlyForDeploymentPostprocessing = 0;
		};
/* End PBXFrameworksBuildPhase section */

/* Begin PBXGroup section */
		173B50F21D13D220003292DD = {
			isa = PBXGroup;
			children = (
				173B50FD1D13D220003292DD /* PopUpExample */,
				173B50FC1D13D220003292DD /* Products */,
			);
			sourceTree = "<group>";
		};
		173B50FC1D13D220003292DD /* Products */ = {
			isa = PBXGroup;
			children = (
				173B50FB1D13D220003292DD /* PopUpExample.app */,
			);
			name = Products;
			sourceTree = "<group>";
		};
		173B50FD1D13D220003292DD /* PopUpExample */ = {
			isa = PBXGroup;
			children = (
				173B50FE1D13D220003292DD /* AppDelegate.swift */,
				173B51001D13D220003292DD /* ViewController.swift */,
				171330271DB7703A00CBCBC4 /* MTPopUp.swift */,
				173B51021D13D220003292DD /* Main.storyboard */,
				173B51051D13D220003292DD /* Assets.xcassets */,
				173B51071D13D220003292DD /* LaunchScreen.storyboard */,
				173B510A1D13D220003292DD /* Info.plist */,
			);
			path = PopUpExample;
			sourceTree = "<group>";
		};
/* End PBXGroup section */

/* Begin PBXNativeTarget section */
		173B50FA1D13D220003292DD /* PopUpExample */ = {
			isa = PBXNativeTarget;
			buildConfigurationList = 173B510D1D13D220003292DD /* Build configuration list for PBXNativeTarget "PopUpExample" */;
			buildPhases = (
				173B50F71D13D220003292DD /* Sources */,
				173B50F81D13D220003292DD /* Frameworks */,
				173B50F91D13D220003292DD /* Resources */,
			);
			buildRules = (
			);
			dependencies = (
			);
			name = PopUpExample;
			productName = PopUpExample;
			productReference = 173B50FB1D13D220003292DD /* PopUpExample.app */;
			productType = "com.apple.product-type.application";
		};
/* End PBXNativeTarget section */

/* Begin PBXProject section */
		173B50F31D13D220003292DD /* Project object */ = {
			isa = PBXProject;
			attributes = {
				LastSwiftUpdateCheck = 0730;
				LastUpgradeCheck = 0730;
				ORGANIZATIONNAME = "Devubha Manek";
				TargetAttributes = {
					173B50FA1D13D220003292DD = {
						CreatedOnToolsVersion = 7.3;
						DevelopmentTeam = CJESF9R9MD;
						LastSwiftMigration = 0800;
						ProvisioningStyle = Manual;
					};
				};
			};
			buildConfigurationList = 173B50F61D13D220003292DD /* Build configuration list for PBXProject "PopUpExample" */;
			compatibilityVersion = "Xcode 3.2";
			developmentRegion = English;
			hasScannedForEncodings = 0;
			knownRegions = (
				en,
				Base,
			);
			mainGroup = 173B50F21D13D220003292DD;
			productRefGroup = 173B50FC1D13D220003292DD /* Products */;
			projectDirPath = "";
			projectRoot = "";
			targets = (
				173B50FA1D13D220003292DD /* PopUpExample */,
			);
		};
/* End PBXProject section */

/* Begin PBXResourcesBuildPhase section */
		173B50F91D13D220003292DD /* Resources */ = {
			isa = PBXResourcesBuildPhase;
			buildActionMask = 2147483647;
			files = (
				173B51091D13D220003292DD /* LaunchScreen.storyboard in Resources */,
				173B51061D13D220003292DD /* Assets.xcassets in Resources */,
				173B51041D13D220003292DD /* Main.storyboard in Resources */,
			);
			runOnlyForDeploymentPostprocessing = 0;
		};
/* End PBXResourcesBuildPhase section */

/* Begin PBXSourcesBuildPhase section */
		173B50F71D13D220003292DD /* Sources */ = {
			isa = PBXSourcesBuildPhase;
			buildActionMask = 2147483647;
			files = (
				171330281DB7703A00CBCBC4 /* MTPopUp.swift in Sources */,
				173B51011D13D220003292DD /* ViewController.swift in Sources */,
				173B50FF1D13D220003292DD /* AppDelegate.swift in Sources */,
			);
			runOnlyForDeploymentPostprocessing = 0;
		};
/* End PBXSourcesBuildPhase section */

/* Begin PBXVariantGroup section */
		173B51021D13D220003292DD /* Main.storyboard */ = {
			isa = PBXVariantGroup;
			children = (
				173B51031D13D220003292DD /* Base */,
			);
			name = Main.storyboard;
			sourceTree = "<group>";
		};
		173B51071D13D220003292DD /* LaunchScreen.storyboard */ = {
			isa = PBXVariantGroup;
			children = (
				173B51081D13D220003292DD /* Base */,
			);
			name = LaunchScreen.storyboard;
			sourceTree = "<group>";
		};
/* End PBXVariantGroup section */

/* Begin XCBuildConfiguration section */
		173B510B1D13D220003292DD /* Debug */ = {
			isa = XCBuildConfiguration;
			buildSettings = {
				ALWAYS_SEARCH_USER_PATHS = NO;
				CLANG_ANALYZER_NONNULL = YES;
				CLANG_CXX_LANGUAGE_STANDARD = "gnu++0x";
				CLANG_CXX_LIBRARY = "libc++";
				CLANG_ENABLE_MODULES = YES;
				CLANG_ENABLE_OBJC_ARC = YES;
				CLANG_WARN_BOOL_CONVERSION = YES;
				CLANG_WARN_CONSTANT_CONVERSION = YES;
				CLANG_WARN_DIRECT_OBJC_ISA_USAGE = YES_ERROR;
				CLANG_WARN_EMPTY_BODY = YES;
				CLANG_WARN_ENUM_CONVERSION = YES;
				CLANG_WARN_INT_CONVERSION = YES;
				CLANG_WARN_OBJC_ROOT_CLASS = YES_ERROR;
				CLANG_WARN_UNREACHABLE_CODE = YES;
				CLANG_WARN__DUPLICATE_METHOD_MATCH = YES;
				"CODE_SIGN_IDENTITY[sdk=iphoneos*]" = "iPhone Developer";
				COPY_PHASE_STRIP = NO;
				DEBUG_INFORMATION_FORMAT = dwarf;
				ENABLE_STRICT_OBJC_MSGSEND = YES;
				ENABLE_TESTABILITY = YES;
				GCC_C_LANGUAGE_STANDARD = gnu99;
				GCC_DYNAMIC_NO_PIC = NO;
				GCC_NO_COMMON_BLOCKS = YES;
				GCC_OPTIMIZATION_LEVEL = 0;
				GCC_PREPROCESSOR_DEFINITIONS = (
					"DEBUG=1",
					"$(inherited)",
				);
				GCC_WARN_64_TO_32_BIT_CONVERSION = YES;
				GCC_WARN_ABOUT_RETURN_TYPE = YES_ERROR;
				GCC_WARN_UNDECLARED_SELECTOR = YES;
				GCC_WARN_UNINITIALIZED_AUTOS = YES_AGGRESSIVE;
				GCC_WARN_UNUSED_FUNCTION = YES;
				GCC_WARN_UNUSED_VARIABLE = YES;
				IPHONEOS_DEPLOYMENT_TARGET = 9.3;
				MTL_ENABLE_DEBUG_INFO = YES;
				ONLY_ACTIVE_ARCH = YES;
				SDKROOT = iphoneos;
				SWIFT_OPTIMIZATION_LEVEL = "-Onone";
			};
			name = Debug;
		};
		173B510C1D13D220003292DD /* Release */ = {
			isa = XCBuildConfiguration;
			buildSettings = {
				ALWAYS_SEARCH_USER_PATHS = NO;
				CLANG_ANALYZER_NONNULL = YES;
				CLANG_CXX_LANGUAGE_STANDARD = "gnu++0x";
				CLANG_CXX_LIBRARY = "libc++";
				CLANG_ENABLE_MODULES = YES;
				CLANG_ENABLE_OBJC_ARC = YES;
				CLANG_WARN_BOOL_CONVERSION = YES;
				CLANG_WARN_CONSTANT_CONVERSION = YES;
				CLANG_WARN_DIRECT_OBJC_ISA_USAGE = YES_ERROR;
				CLANG_WARN_EMPTY_BODY = YES;
				CLANG_WARN_ENUM_CONVERSION = YES;
				CLANG_WARN_INT_CONVERSION = YES;
				CLANG_WARN_OBJC_ROOT_CLASS = YES_ERROR;
				CLANG_WARN_UNREACHABLE_CODE = YES;
				CLANG_WARN__DUPLICATE_METHOD_MATCH = YES;
				"CODE_SIGN_IDENTITY[sdk=iphoneos*]" = "iPhone Developer";
				COPY_PHASE_STRIP = NO;
				DEBUG_INFORMATION_FORMAT = "dwarf-with-dsym";
				ENABLE_NS_ASSERTIONS = NO;
				ENABLE_STRICT_OBJC_MSGSEND = YES;
				GCC_C_LANGUAGE_STANDARD = gnu99;
				GCC_NO_COMMON_BLOCKS = YES;
				GCC_WARN_64_TO_32_BIT_CONVERSION = YES;
				GCC_WARN_ABOUT_RETURN_TYPE = YES_ERROR;
				GCC_WARN_UNDECLARED_SELECTOR = YES;
				GCC_WARN_UNINITIALIZED_AUTOS = YES_AGGRESSIVE;
				GCC_WARN_UNUSED_FUNCTION = YES;
				GCC_WARN_UNUSED_VARIABLE = YES;
				IPHONEOS_DEPLOYMENT_TARGET = 9.3;
				MTL_ENABLE_DEBUG_INFO = NO;
				SDKROOT = iphoneos;
				VALIDATE_PRODUCT = YES;
			};
			name = Release;
		};
		173B510E1D13D220003292DD /* Debug */ = {
			isa = XCBuildConfiguration;
			buildSettings = {
				ASSETCATALOG_COMPILER_APPICON_NAME = AppIcon;
				CODE_SIGN_IDENTITY = "iPhone Developer: Devubha Manek (W6E759D8LP)";
				"CODE_SIGN_IDENTITY[sdk=iphoneos*]" = "iPhone Developer: Devubha Manek (W6E759D8LP)";
				DEVELOPMENT_TEAM = CJESF9R9MD;
				INFOPLIST_FILE = PopUpExample/Info.plist;
				LD_RUNPATH_SEARCH_PATHS = "$(inherited) @executable_path/Frameworks";
				PRODUCT_BUNDLE_IDENTIFIER = com.test.PopUpExample3;
				PRODUCT_NAME = "$(TARGET_NAME)";
				PROVISIONING_PROFILE = "5b743137-817a-461e-b069-04f3f1e83204";
				PROVISIONING_PROFILE_SPECIFIER = WildcardTest;
				SWIFT_VERSION = 3.0;
				TARGETED_DEVICE_FAMILY = "1,2";
			};
			name = Debug;
		};
		173B510F1D13D220003292DD /* Release */ = {
			isa = XCBuildConfiguration;
			buildSettings = {
				ASSETCATALOG_COMPILER_APPICON_NAME = AppIcon;
				CODE_SIGN_IDENTITY = "iPhone Developer: Devubha Manek (W6E759D8LP)";
				"CODE_SIGN_IDENTITY[sdk=iphoneos*]" = "iPhone Developer: Devubha Manek (W6E759D8LP)";
				DEVELOPMENT_TEAM = CJESF9R9MD;
				INFOPLIST_FILE = PopUpExample/Info.plist;
				LD_RUNPATH_SEARCH_PATHS = "$(inherited) @executable_path/Frameworks";
				PRODUCT_BUNDLE_IDENTIFIER = com.test.PopUpExample3;
				PRODUCT_NAME = "$(TARGET_NAME)";
				PROVISIONING_PROFILE = "5b743137-817a-461e-b069-04f3f1e83204";
				PROVISIONING_PROFILE_SPECIFIER = WildcardTest;
				SWIFT_VERSION = 3.0;
				TARGETED_DEVICE_FAMILY = "1,2";
			};
			name = Release;
		};
/* End XCBuildConfiguration section */

/* Begin XCConfigurationList section */
		173B50F61D13D220003292DD /* Build configuration list for PBXProject "PopUpExample" */ = {
			isa = XCConfigurationList;
			buildConfigurations = (
				173B510B1D13D220003292DD /* Debug */,
				173B510C1D13D220003292DD /* Release */,
			);
			defaultConfigurationIsVisible = 0;
			defaultConfigurationName = Release;
		};
		173B510D1D13D220003292DD /* Build configuration list for PBXNativeTarget "PopUpExample" */ = {
			isa = XCConfigurationList;
			buildConfigurations = (
				173B510E1D13D220003292DD /* Debug */,
				173B510F1D13D220003292DD /* Release */,
			);
			defaultConfigurationIsVisible = 0;
			defaultConfigurationName = Release;
		};
/* End XCConfigurationList section */
	};
	rootObject = 173B50F31D13D220003292DD /* Project object */;
}
